// !$*UTF8*$!
{
	archiveVersion = 1;
	classes = {
	};
	objectVersion = 46;
	objects = {

/* Begin PBXBuildFile section */
		4980822F1C4CCE800022A601 /* main.m in Sources */ = {isa = PBXBuildFile; fileRef = 4980822E1C4CCE800022A601 /* main.m */; };
		498082321C4CCE800022A601 /* AppDelegate.m in Sources */ = {isa = PBXBuildFile; fileRef = 498082311C4CCE800022A601 /* AppDelegate.m */; };
		498082351C4CCE800022A601 /* ViewController.m in Sources */ = {isa = PBXBuildFile; fileRef = 498082341C4CCE800022A601 /* ViewController.m */; };
		498082381C4CCE800022A601 /* Main.storyboard in Resources */ = {isa = PBXBuildFile; fileRef = 498082361C4CCE800022A601 /* Main.storyboard */; };
		4980823A1C4CCE800022A601 /* Assets.xcassets in Resources */ = {isa = PBXBuildFile; fileRef = 498082391C4CCE800022A601 /* Assets.xcassets */; };
		4980823D1C4CCE800022A601 /* LaunchScreen.storyboard in Resources */ = {isa = PBXBuildFile; fileRef = 4980823B1C4CCE800022A601 /* LaunchScreen.storyboard */; };
		498082481C4CCE800022A601 /* LSCountDownTests.m in Sources */ = {isa = PBXBuildFile; fileRef = 498082471C4CCE800022A601 /* LSCountDownTests.m */; };
		498082531C4CCE800022A601 /* LSCountDownUITests.m in Sources */ = {isa = PBXBuildFile; fileRef = 498082521C4CCE800022A601 /* LSCountDownUITests.m */; };
		498082621C4CCE980022A601 /* UIButton+LSCountDown.m in Sources */ = {isa = PBXBuildFile; fileRef = 498082611C4CCE980022A601 /* UIButton+LSCountDown.m */; };
/* End PBXBuildFile section */

/* Begin PBXContainerItemProxy section */
		498082441C4CCE800022A601 /* PBXContainerItemProxy */ = {
			isa = PBXContainerItemProxy;
			containerPortal = 498082221C4CCE800022A601 /* Project object */;
			proxyType = 1;
			remoteGlobalIDString = 498082291C4CCE800022A601;
			remoteInfo = LSCountDown;
		};
		4980824F1C4CCE800022A601 /* PBXContainerItemProxy */ = {
			isa = PBXContainerItemProxy;
			containerPortal = 498082221C4CCE800022A601 /* Project object */;
			proxyType = 1;
			remoteGlobalIDString = 498082291C4CCE800022A601;
			remoteInfo = LSCountDown;
		};
/* End PBXContainerItemProxy section */

/* Begin PBXFileReference section */
		4980822A1C4CCE800022A601 /* LSCountDown.app */ = {isa = PBXFileReference; explicitFileType = wrapper.application; includeInIndex = 0; path = LSCountDown.app; sourceTree = BUILT_PRODUCTS_DIR; };
		4980822E1C4CCE800022A601 /* main.m */ = {isa = PBXFileReference; lastKnownFileType = sourcecode.c.objc; path = main.m; sourceTree = "<group>"; };
		498082301C4CCE800022A601 /* AppDelegate.h */ = {isa = PBXFileReference; lastKnownFileType = sourcecode.c.h; path = AppDelegate.h; sourceTree = "<group>"; };
		498082311C4CCE800022A601 /* AppDelegate.m */ = {isa = PBXFileReference; lastKnownFileType = sourcecode.c.objc; path = AppDelegate.m; sourceTree = "<group>"; };
		498082331C4CCE800022A601 /* ViewController.h */ = {isa = PBXFileReference; lastKnownFileType = sourcecode.c.h; path = ViewController.h; sourceTree = "<group>"; };
		498082341C4CCE800022A601 /* ViewController.m */ = {isa = PBXFileReference; lastKnownFileType = sourcecode.c.objc; path = ViewController.m; sourceTree = "<group>"; };
		498082371C4CCE800022A601 /* Base */ = {isa = PBXFileReference; lastKnownFileType = file.storyboard; name = Base; path = Base.lproj/Main.storyboard; sourceTree = "<group>"; };
		498082391C4CCE800022A601 /* Assets.xcassets */ = {isa = PBXFileReference; lastKnownFileType = folder.assetcatalog; path = Assets.xcassets; sourceTree = "<group>"; };
		4980823C1C4CCE800022A601 /* Base */ = {isa = PBXFileReference; lastKnownFileType = file.storyboard; name = Base; path = Base.lproj/LaunchScreen.storyboard; sourceTree = "<group>"; };
		4980823E1C4CCE800022A601 /* Info.plist */ = {isa = PBXFileReference; lastKnownFileType = text.plist.xml; path = Info.plist; sourceTree = "<group>"; };
		498082431C4CCE800022A601 /* LSCountDownTests.xctest */ = {isa = PBXFileReference; explicitFileType = wrapper.cfbundle; includeInIndex = 0; path = LSCountDownTests.xctest; sourceTree = BUILT_PRODUCTS_DIR; };
		498082471C4CCE800022A601 /* LSCountDownTests.m */ = {isa = PBXFileReference; lastKnownFileType = sourcecode.c.objc; path = LSCountDownTests.m; sourceTree = "<group>"; };
		498082491C4CCE800022A601 /* Info.plist */ = {isa = PBXFileReference; lastKnownFileType = text.plist.xml; path = Info.plist; sourceTree = "<group>"; };
		4980824E1C4CCE800022A601 /* LSCountDownUITests.xctest */ = {isa = PBXFileReference; explicitFileType = wrapper.cfbundle; includeInIndex = 0; path = LSCountDownUITests.xctest; sourceTree = BUILT_PRODUCTS_DIR; };
		498082521C4CCE800022A601 /* LSCountDownUITests.m */ = {isa = PBXFileReference; lastKnownFileType = sourcecode.c.objc; path = LSCountDownUITests.m; sourceTree = "<group>"; };
		498082541C4CCE800022A601 /* Info.plist */ = {isa = PBXFileReference; lastKnownFileType = text.plist.xml; path = Info.plist; sourceTree = "<group>"; };
		498082601C4CCE980022A601 /* UIButton+LSCountDown.h */ = {isa = PBXFileReference; fileEncoding = 4; lastKnownFileType = sourcecode.c.h; path = "UIButton+LSCountDown.h"; sourceTree = "<group>"; };
		498082611C4CCE980022A601 /* UIButton+LSCountDown.m */ = {isa = PBXFileReference; fileEncoding = 4; lastKnownFileType = sourcecode.c.objc; path = "UIButton+LSCountDown.m"; sourceTree = "<group>"; };
/* End PBXFileReference section */

/* Begin PBXFrameworksBuildPhase section */
		498082271C4CCE800022A601 /* Frameworks */ = {
			isa = PBXFrameworksBuildPhase;
			buildActionMask = 2147483647;
			files = (
			);
			runOnlyForDeploymentPostprocessing = 0;
		};
		498082401C4CCE800022A601 /* Frameworks */ = {
			isa = PBXFrameworksBuildPhase;
			buildActionMask = 2147483647;
			files = (
			);
			runOnlyForDeploymentPostprocessing = 0;
		};
		4980824B1C4CCE800022A601 /* Frameworks */ = {
			isa = PBXFrameworksBuildPhase;
			buildActionMask = 2147483647;
			files = (
			);
			runOnlyForDeploymentPostprocessing = 0;
		};
/* End PBXFrameworksBuildPhase section */

/* Begin PBXGroup section */
		498082211C4CCE800022A601 = {
			isa = PBXGroup;
			children = (
				4980822C1C4CCE800022A601 /* LSCountDown */,
				498082461C4CCE800022A601 /* LSCountDownTests */,
				498082511C4CCE800022A601 /* LSCountDownUITests */,
				4980822B1C4CCE800022A601 /* Products */,
			);
			sourceTree = "<group>";
		};
		4980822B1C4CCE800022A601 /* Products */ = {
			isa = PBXGroup;
			children = (
				4980822A1C4CCE800022A601 /* LSCountDown.app */,
				498082431C4CCE800022A601 /* LSCountDownTests.xctest */,
				4980824E1C4CCE800022A601 /* LSCountDownUITests.xctest */,
			);
			name = Products;
			sourceTree = "<group>";
		};
		4980822C1C4CCE800022A601 /* LSCountDown */ = {
			isa = PBXGroup;
			children = (
				498082601C4CCE980022A601 /* UIButton+LSCountDown.h */,
				498082611C4CCE980022A601 /* UIButton+LSCountDown.m */,
				498082301C4CCE800022A601 /* AppDelegate.h */,
				498082311C4CCE800022A601 /* AppDelegate.m */,
				498082331C4CCE800022A601 /* ViewController.h */,
				498082341C4CCE800022A601 /* ViewController.m */,
				498082361C4CCE800022A601 /* Main.storyboard */,
				498082391C4CCE800022A601 /* Assets.xcassets */,
				4980823B1C4CCE800022A601 /* LaunchScreen.storyboard */,
				4980823E1C4CCE800022A601 /* Info.plist */,
				4980822D1C4CCE800022A601 /* Supporting Files */,
			);
			path = LSCountDown;
			sourceTree = "<group>";
		};
		4980822D1C4CCE800022A601 /* Supporting Files */ = {
			isa = PBXGroup;
			children = (
				4980822E1C4CCE800022A601 /* main.m */,
			);
			name = "Supporting Files";
			sourceTree = "<group>";
		};
		498082461C4CCE800022A601 /* LSCountDownTests */ = {
			isa = PBXGroup;
			children = (
				498082471C4CCE800022A601 /* LSCountDownTests.m */,
				498082491C4CCE800022A601 /* Info.plist */,
			);
			path = LSCountDownTests;
			sourceTree = "<group>";
		};
		498082511C4CCE800022A601 /* LSCountDownUITests */ = {
			isa = PBXGroup;
			children = (
				498082521C4CCE800022A601 /* LSCountDownUITests.m */,
				498082541C4CCE800022A601 /* Info.plist */,
			);
			path = LSCountDownUITests;
			sourceTree = "<group>";
		};
/* End PBXGroup section */

/* Begin PBXNativeTarget section */
		498082291C4CCE800022A601 /* LSCountDown */ = {
			isa = PBXNativeTarget;
			buildConfigurationList = 498082571C4CCE800022A601 /* Build configuration list for PBXNativeTarget "LSCountDown" */;
			buildPhases = (
				498082261C4CCE800022A601 /* Sources */,
				498082271C4CCE800022A601 /* Frameworks */,
				498082281C4CCE800022A601 /* Resources */,
			);
			buildRules = (
			);
			dependencies = (
			);
			name = LSCountDown;
			productName = LSCountDown;
			productReference = 4980822A1C4CCE800022A601 /* LSCountDown.app */;
			productType = "com.apple.product-type.application";
		};
		498082421C4CCE800022A601 /* LSCountDownTests */ = {
			isa = PBXNativeTarget;
			buildConfigurationList = 4980825A1C4CCE800022A601 /* Build configuration list for PBXNativeTarget "LSCountDownTests" */;
			buildPhases = (
				4980823F1C4CCE800022A601 /* Sources */,
				498082401C4CCE800022A601 /* Frameworks */,
				498082411C4CCE800022A601 /* Resources */,
			);
			buildRules = (
			);
			dependencies = (
				498082451C4CCE800022A601 /* PBXTargetDependency */,
			);
			name = LSCountDownTests;
			productName = LSCountDownTests;
			productReference = 498082431C4CCE800022A601 /* LSCountDownTests.xctest */;
			productType = "com.apple.product-type.bundle.unit-test";
		};
		4980824D1C4CCE800022A601 /* LSCountDownUITests */ = {
			isa = PBXNativeTarget;
			buildConfigurationList = 4980825D1C4CCE800022A601 /* Build configuration list for PBXNativeTarget "LSCountDownUITests" */;
			buildPhases = (
				4980824A1C4CCE800022A601 /* Sources */,
				4980824B1C4CCE800022A601 /* Frameworks */,
				4980824C1C4CCE800022A601 /* Resources */,
			);
			buildRules = (
			);
			dependencies = (
				498082501C4CCE800022A601 /* PBXTargetDependency */,
			);
			name = LSCountDownUITests;
			productName = LSCountDownUITests;
			productReference = 4980824E1C4CCE800022A601 /* LSCountDownUITests.xctest */;
			productType = "com.apple.product-type.bundle.ui-testing";
		};
/* End PBXNativeTarget section */

/* Begin PBXProject section */
		498082221C4CCE800022A601 /* Project object */ = {
			isa = PBXProject;
			attributes = {
				LastUpgradeCheck = 0720;
				ORGANIZATIONNAME = song;
				TargetAttributes = {
					498082291C4CCE800022A601 = {
						CreatedOnToolsVersion = 7.2;
						DevelopmentTeam = Q88VKXYHNH;
					};
					498082421C4CCE800022A601 = {
						CreatedOnToolsVersion = 7.2;
						DevelopmentTeam = Q88VKXYHNH;
						TestTargetID = 498082291C4CCE800022A601;
					};
					4980824D1C4CCE800022A601 = {
						CreatedOnToolsVersion = 7.2;
						DevelopmentTeam = Q88VKXYHNH;
						TestTargetID = 498082291C4CCE800022A601;
					};
				};
			};
			buildConfigurationList = 498082251C4CCE800022A601 /* Build configuration list for PBXProject "LSCountDown" */;
			compatibilityVersion = "Xcode 3.2";
			developmentRegion = English;
			hasScannedForEncodings = 0;
			knownRegions = (
				en,
				Base,
			);
			mainGroup = 498082211C4CCE800022A601;
			productRefGroup = 4980822B1C4CCE800022A601 /* Products */;
			projectDirPath = "";
			projectRoot = "";
			targets = (
				498082291C4CCE800022A601 /* LSCountDown */,
				498082421C4CCE800022A601 /* LSCountDownTests */,
				4980824D1C4CCE800022A601 /* LSCountDownUITests */,
			);
		};
/* End PBXProject section */

/* Begin PBXResourcesBuildPhase section */
		498082281C4CCE800022A601 /* Resources */ = {
			isa = PBXResourcesBuildPhase;
			buildActionMask = 2147483647;
			files = (
				4980823D1C4CCE800022A601 /* LaunchScreen.storyboard in Resources */,
				4980823A1C4CCE800022A601 /* Assets.xcassets in Resources */,
				498082381C4CCE800022A601 /* Main.storyboard in Resources */,
			);
			runOnlyForDeploymentPostprocessing = 0;
		};
		498082411C4CCE800022A601 /* Resources */ = {
			isa = PBXResourcesBuildPhase;
			buildActionMask = 2147483647;
			files = (
			);
			runOnlyForDeploymentPostprocessing = 0;
		};
		4980824C1C4CCE800022A601 /* Resources */ = {
			isa = PBXResourcesBuildPhase;
			buildActionMask = 2147483647;
			files = (
			);
			runOnlyForDeploymentPostprocessing = 0;
		};
/* End PBXResourcesBuildPhase section */

/* Begin PBXSourcesBuildPhase section */
		498082261C4CCE800022A601 /* Sources */ = {
			isa = PBXSourcesBuildPhase;
			buildActionMask = 2147483647;
			files = (
				498082351C4CCE800022A601 /* ViewController.m in Sources */,
				498082321C4CCE800022A601 /* AppDelegate.m in Sources */,
				498082621C4CCE980022A601 /* UIButton+LSCountDown.m in Sources */,
				4980822F1C4CCE800022A601 /* main.m in Sources */,
			);
			runOnlyForDeploymentPostprocessing = 0;
		};
		4980823F1C4CCE800022A601 /* Sources */ = {
			isa = PBXSourcesBuildPhase;
			buildActionMask = 2147483647;
			files = (
				498082481C4CCE800022A601 /* LSCountDownTests.m in Sources */,
			);
			runOnlyForDeploymentPostprocessing = 0;
		};
		4980824A1C4CCE800022A601 /* Sources */ = {
			isa = PBXSourcesBuildPhase;
			buildActionMask = 2147483647;
			files = (
				498082531C4CCE800022A601 /* LSCountDownUITests.m in Sources */,
			);
			runOnlyForDeploymentPostprocessing = 0;
		};
/* End PBXSourcesBuildPhase section */

/* Begin PBXTargetDependency section */
		498082451C4CCE800022A601 /* PBXTargetDependency */ = {
			isa = PBXTargetDependency;
			target = 498082291C4CCE800022A601 /* LSCountDown */;
			targetProxy = 498082441C4CCE800022A601 /* PBXContainerItemProxy */;
		};
		498082501C4CCE800022A601 /* PBXTargetDependency */ = {
			isa = PBXTargetDependency;
			target = 498082291C4CCE800022A601 /* LSCountDown */;
			targetProxy = 4980824F1C4CCE800022A601 /* PBXContainerItemProxy */;
		};
/* End PBXTargetDependency section */

/* Begin PBXVariantGroup section */
		498082361C4CCE800022A601 /* Main.storyboard */ = {
			isa = PBXVariantGroup;
			children = (
				498082371C4CCE800022A601 /* Base */,
			);
			name = Main.storyboard;
			sourceTree = "<group>";
		};
		4980823B1C4CCE800022A601 /* LaunchScreen.storyboard */ = {
			isa = PBXVariantGroup;
			children = (
				4980823C1C4CCE800022A601 /* Base */,
			);
			name = LaunchScreen.storyboard;
			sourceTree = "<group>";
		};
/* End PBXVariantGroup section */

/* Begin XCBuildConfiguration section */
		498082551C4CCE800022A601 /* Debug */ = {
			isa = XCBuildConfiguration;
			buildSettings = {
				ALWAYS_SEARCH_USER_PATHS = NO;
				CLANG_CXX_LANGUAGE_STANDARD = "gnu++0x";
				CLANG_CXX_LIBRARY = "libc++";
				CLANG_ENABLE_MODULES = YES;
				CLANG_ENABLE_OBJC_ARC = YES;
				CLANG_WARN_BOOL_CONVERSION = YES;
				CLANG_WARN_CONSTANT_CONVERSION = YES;
				CLANG_WARN_DIRECT_OBJC_ISA_USAGE = YES_ERROR;
				CLANG_WARN_EMPTY_BODY = YES;
				CLANG_WARN_ENUM_CONVERSION = YES;
				CLANG_WARN_INT_CONVERSION = YES;
				CLANG_WARN_OBJC_ROOT_CLASS = YES_ERROR;
				CLANG_WARN_UNREACHABLE_CODE = YES;
				CLANG_WARN__DUPLICATE_METHOD_MATCH = YES;
				"CODE_SIGN_IDENTITY[sdk=iphoneos*]" = "iPhone Developer";
				COPY_PHASE_STRIP = NO;
				DEBUG_INFORMATION_FORMAT = dwarf;
				ENABLE_STRICT_OBJC_MSGSEND = YES;
				ENABLE_TESTABILITY = YES;
				GCC_C_LANGUAGE_STANDARD = gnu99;
				GCC_DYNAMIC_NO_PIC = NO;
				GCC_NO_COMMON_BLOCKS = YES;
				GCC_OPTIMIZATION_LEVEL = 0;
				GCC_PREPROCESSOR_DEFINITIONS = (
					"DEBUG=1",
					"$(inherited)",
				);
				GCC_WARN_64_TO_32_BIT_CONVERSION = YES;
				GCC_WARN_ABOUT_RETURN_TYPE = YES_ERROR;
				GCC_WARN_UNDECLARED_SELECTOR = YES;
				GCC_WARN_UNINITIALIZED_AUTOS = YES_AGGRESSIVE;
				GCC_WARN_UNUSED_FUNCTION = YES;
				GCC_WARN_UNUSED_VARIABLE = YES;
				IPHONEOS_DEPLOYMENT_TARGET = 9.2;
				MTL_ENABLE_DEBUG_INFO = YES;
				ONLY_ACTIVE_ARCH = YES;
				SDKROOT = iphoneos;
				TARGETED_DEVICE_FAMILY = "1,2";
			};
			name = Debug;
		};
		498082561C4CCE800022A601 /* Release */ = {
			isa = XCBuildConfiguration;
			buildSettings = {
				ALWAYS_SEARCH_USER_PATHS = NO;
				CLANG_CXX_LANGUAGE_STANDARD = "gnu++0x";
				CLANG_CXX_LIBRARY = "libc++";
				CLANG_ENABLE_MODULES = YES;
				CLANG_ENABLE_OBJC_ARC = YES;
				CLANG_WARN_BOOL_CONVERSION = YES;
				CLANG_WARN_CONSTANT_CONVERSION = YES;
				CLANG_WARN_DIRECT_OBJC_ISA_USAGE = YES_ERROR;
				CLANG_WARN_EMPTY_BODY = YES;
				CLANG_WARN_ENUM_CONVERSION = YES;
				CLANG_WARN_INT_CONVERSION = YES;
				CLANG_WARN_OBJC_ROOT_CLASS = YES_ERROR;
				CLANG_WARN_UNREACHABLE_CODE = YES;
				CLANG_WARN__DUPLICATE_METHOD_MATCH = YES;
				"CODE_SIGN_IDENTITY[sdk=iphoneos*]" = "iPhone Developer";
				COPY_PHASE_STRIP = NO;
				DEBUG_INFORMATION_FORMAT = "dwarf-with-dsym";
				ENABLE_NS_ASSERTIONS = NO;
				ENABLE_STRICT_OBJC_MSGSEND = YES;
				GCC_C_LANGUAGE_STANDARD = gnu99;
				GCC_NO_COMMON_BLOCKS = YES;
				GCC_WARN_64_TO_32_BIT_CONVERSION = YES;
				GCC_WARN_ABOUT_RETURN_TYPE = YES_ERROR;
				GCC_WARN_UNDECLARED_SELECTOR = YES;
				GCC_WARN_UNINITIALIZED_AUTOS = YES_AGGRESSIVE;
				GCC_WARN_UNUSED_FUNCTION = YES;
				GCC_WARN_UNUSED_VARIABLE = YES;
				IPHONEOS_DEPLOYMENT_TARGET = 9.2;
				MTL_ENABLE_DEBUG_INFO = NO;
				SDKROOT = iphoneos;
				TARGETED_DEVICE_FAMILY = "1,2";
				VALIDATE_PRODUCT = YES;
			};
			name = Release;
		};
		498082581C4CCE800022A601 /* Debug */ = {
			isa = XCBuildConfiguration;
			buildSettings = {
				ASSETCATALOG_COMPILER_APPICON_NAME = AppIcon;
				INFOPLIST_FILE = LSCountDown/Info.plist;
				LD_RUNPATH_SEARCH_PATHS = "$(inherited) @executable_path/Frameworks";
				PRODUCT_BUNDLE_IDENTIFIER = com.ls.LSCountDown;
				PRODUCT_NAME = "$(TARGET_NAME)";
			};
			name = Debug;
		};
		498082591C4CCE800022A601 /* Release */ = {
			isa = XCBuildConfiguration;
			buildSettings = {
				ASSETCATALOG_COMPILER_APPICON_NAME = AppIcon;
				INFOPLIST_FILE = LSCountDown/Info.plist;
				LD_RUNPATH_SEARCH_PATHS = "$(inherited) @executable_path/Frameworks";
				PRODUCT_BUNDLE_IDENTIFIER = com.ls.LSCountDown;
				PRODUCT_NAME = "$(TARGET_NAME)";
			};
			name = Release;
		};
		4980825B1C4CCE800022A601 /* Debug */ = {
			isa = XCBuildConfiguration;
			buildSettings = {
				BUNDLE_LOADER = "$(TEST_HOST)";
				INFOPLIST_FILE = LSCountDownTests/Info.plist;
				LD_RUNPATH_SEARCH_PATHS = "$(inherited) @executable_path/Frameworks @loader_path/Frameworks";
				PRODUCT_BUNDLE_IDENTIFIER = com.ls.LSCountDownTests;
				PRODUCT_NAME = "$(TARGET_NAME)";
				TEST_HOST = "$(BUILT_PRODUCTS_DIR)/LSCountDown.app/LSCountDown";
			};
			name = Debug;
		};
		4980825C1C4CCE800022A601 /* Release */ = {
			isa = XCBuildConfiguration;
			buildSettings = {
				BUNDLE_LOADER = "$(TEST_HOST)";
				INFOPLIST_FILE = LSCountDownTests/Info.plist;
				LD_RUNPATH_SEARCH_PATHS = "$(inherited) @executable_path/Frameworks @loader_path/Frameworks";
				PRODUCT_BUNDLE_IDENTIFIER = com.ls.LSCountDownTests;
				PRODUCT_NAME = "$(TARGET_NAME)";
				TEST_HOST = "$(BUILT_PRODUCTS_DIR)/LSCountDown.app/LSCountDown";
			};
			name = Release;
		};
		4980825E1C4CCE800022A601 /* Debug */ = {
			isa = XCBuildConfiguration;
			buildSettings = {
				INFOPLIST_FILE = LSCountDownUITests/Info.plist;
				LD_RUNPATH_SEARCH_PATHS = "$(inherited) @executable_path/Frameworks @loader_path/Frameworks";
				PRODUCT_BUNDLE_IDENTIFIER = com.ls.LSCountDownUITests;
				PRODUCT_NAME = "$(TARGET_NAME)";
				TEST_TARGET_NAME = LSCountDown;
				USES_XCTRUNNER = YES;
			};
			name = Debug;
		};
		4980825F1C4CCE800022A601 /* Release */ = {
			isa = XCBuildConfiguration;
			buildSettings = {
				INFOPLIST_FILE = LSCountDownUITests/Info.plist;
				LD_RUNPATH_SEARCH_PATHS = "$(inherited) @executable_path/Frameworks @loader_path/Frameworks";
				PRODUCT_BUNDLE_IDENTIFIER = com.ls.LSCountDownUITests;
				PRODUCT_NAME = "$(TARGET_NAME)";
				TEST_TARGET_NAME = LSCountDown;
				USES_XCTRUNNER = YES;
			};
			name = Release;
		};
/* End XCBuildConfiguration section */

/* Begin XCConfigurationList section */
		498082251C4CCE800022A601 /* Build configuration list for PBXProject "LSCountDown" */ = {
			isa = XCConfigurationList;
			buildConfigurations = (
				498082551C4CCE800022A601 /* Debug */,
				498082561C4CCE800022A601 /* Release */,
			);
			defaultConfigurationIsVisible = 0;
			defaultConfigurationName = Release;
		};
		498082571C4CCE800022A601 /* Build configuration list for PBXNativeTarget "LSCountDown" */ = {
			isa = XCConfigurationList;
			buildConfigurations = (
				498082581C4CCE800022A601 /* Debug */,
				498082591C4CCE800022A601 /* Release */,
			);
			defaultConfigurationIsVisible = 0;
		};
		4980825A1C4CCE800022A601 /* Build configuration list for PBXNativeTarget "LSCountDownTests" */ = {
			isa = XCConfigurationList;
			buildConfigurations = (
				4980825B1C4CCE800022A601 /* Debug */,
				4980825C1C4CCE800022A601 /* Release */,
			);
			defaultConfigurationIsVisible = 0;
		};
		4980825D1C4CCE800022A601 /* Build configuration list for PBXNativeTarget "LSCountDownUITests" */ = {
			isa = XCConfigurationList;
			buildConfigurations = (
				4980825E1C4CCE800022A601 /* Debug */,
				4980825F1C4CCE800022A601 /* Release */,
			);
			defaultConfigurationIsVisible = 0;
		};
/* End XCConfigurationList section */
	};
	rootObject = 498082221C4CCE800022A601 /* Project object */;
}
